
Microsoft Visual Studio Solution File, Format Version 12.00
# Visual Studio 15
VisualStudioVersion = 15.0.27004.2006
MinimumVisualStudioVersion = 10.0.40219.1
Project("{FAE04EC0-301F-11D3-BF4B-00C04F79EFBC}") = "GC_Deliverable13_Lab12_RockPaperScissors", "GC_Deliverable13_Lab12_RockPaperScissors\GC_Deliverable13_Lab12_RockPaperScissors.csproj", "{0CBEDD67-20C8-4821-9142-3FDEC3CDD44C}"
EndProject
Global
	GlobalSection(SolutionConfigurationPlatforms) = preSolution
		Debug|Any CPU = Debug|Any CPU
		Release|Any CPU = Release|Any CPU
	EndGlobalSection
	GlobalSection(ProjectConfigurationPlatforms) = postSolution
		{0CBEDD67-20C8-4821-9142-3FDEC3CDD44C}.Debug|Any CPU.ActiveCfg = Debug|Any CPU
		{0CBEDD67-20C8-4821-9142-3FDEC3CDD44C}.Debug|Any CPU.Build.0 = Debug|Any CPU
		{0CBEDD67-20C8-4821-9142-3FDEC3CDD44C}.Release|Any CPU.ActiveCfg = Release|Any CPU
		{0CBEDD67-20C8-4821-9142-3FDEC3CDD44C}.Release|Any CPU.Build.0 = Release|Any CPU
	EndGlobalSection
	GlobalSection(SolutionProperties) = preSolution
		HideSolutionNode = FALSE
	EndGlobalSection
	GlobalSection(ExtensibilityGlobals) = postSolution
		SolutionGuid = {457E4916-BFF9-42D6-8439-598FB771E788}
	EndGlobalSection
EndGlobal
